
Microsoft Visual Studio Solution File, Format Version 12.00
# Visual Studio 15
VisualStudioVersion = 15.0.28010.2046
MinimumVisualStudioVersion = 10.0.40219.1
Project("{888888A0-9F3D-457C-B088-3A5042F75D52}") = "171830577 陈昌繁", "171830577 陈昌繁\171830577 陈昌繁.pyproj", "{BF5FE794-A478-48AE-BB25-7EC61B849ADC}"
EndProject
Global
	GlobalSection(SolutionConfigurationPlatforms) = preSolution
		Debug|Any CPU = Debug|Any CPU
		Release|Any CPU = Release|Any CPU
	EndGlobalSection
	GlobalSection(ProjectConfigurationPlatforms) = postSolution
		{BF5FE794-A478-48AE-BB25-7EC61B849ADC}.Debug|Any CPU.ActiveCfg = Debug|Any CPU
		{BF5FE794-A478-48AE-BB25-7EC61B849ADC}.Release|Any CPU.ActiveCfg = Release|Any CPU
	EndGlobalSection
	GlobalSection(SolutionProperties) = preSolution
		HideSolutionNode = FALSE
	EndGlobalSection
	GlobalSection(ExtensibilityGlobals) = postSolution
		SolutionGuid = {B93FC98F-3760-4583-9152-218041E1239A}
	EndGlobalSection
EndGlobal
